
Microsoft Visual Studio Solution File, Format Version 12.00
# Visual Studio Version 16
VisualStudioVersion = 16.0.810.16
MinimumVisualStudioVersion = 10.0.40219.1
Project("{FAE04EC0-301F-11D3-BF4B-00C04F79EFBC}") = "newblazorapp", "newblazorapp.csproj", "{ACDF6B12-BB5D-4A81-A89E-7AF02260C3D5}"
EndProject
Project("{FAE04EC0-301F-11D3-BF4B-00C04F79EFBC}") = "TemperatureTests", "..\TemperatureTests\TemperatureTests.csproj", "{B26A12FD-81A2-432D-BAC5-A1A1D27C6E55}"
EndProject
Global
	GlobalSection(SolutionConfigurationPlatforms) = preSolution
		Debug|Any CPU = Debug|Any CPU
		Release|Any CPU = Release|Any CPU
	EndGlobalSection
	GlobalSection(ProjectConfigurationPlatforms) = postSolution
		{ACDF6B12-BB5D-4A81-A89E-7AF02260C3D5}.Debug|Any CPU.ActiveCfg = Debug|Any CPU
		{ACDF6B12-BB5D-4A81-A89E-7AF02260C3D5}.Debug|Any CPU.Build.0 = Debug|Any CPU
		{ACDF6B12-BB5D-4A81-A89E-7AF02260C3D5}.Release|Any CPU.ActiveCfg = Release|Any CPU
		{ACDF6B12-BB5D-4A81-A89E-7AF02260C3D5}.Release|Any CPU.Build.0 = Release|Any CPU
		{B26A12FD-81A2-432D-BAC5-A1A1D27C6E55}.Debug|Any CPU.ActiveCfg = Debug|Any CPU
		{B26A12FD-81A2-432D-BAC5-A1A1D27C6E55}.Debug|Any CPU.Build.0 = Debug|Any CPU
		{B26A12FD-81A2-432D-BAC5-A1A1D27C6E55}.Release|Any CPU.ActiveCfg = Release|Any CPU
		{B26A12FD-81A2-432D-BAC5-A1A1D27C6E55}.Release|Any CPU.Build.0 = Release|Any CPU
	EndGlobalSection
	GlobalSection(SolutionProperties) = preSolution
		HideSolutionNode = FALSE
	EndGlobalSection
	GlobalSection(ExtensibilityGlobals) = postSolution
		SolutionGuid = {17396C96-0077-4138-88F0-C69B96468675}
	EndGlobalSection
EndGlobal
